
Microsoft Visual Studio Solution File, Format Version 12.00
# Visual Studio Version 16
VisualStudioVersion = 16.0.30002.166
MinimumVisualStudioVersion = 10.0.40219.1
Project("{FAE04EC0-301F-11D3-BF4B-00C04F79EFBC}") = "projeto-teste", "projeto-teste\projeto-teste.csproj", "{9337B47B-7FFD-498E-8876-ED48ADDC8387}"
EndProject
Global
	GlobalSection(SolutionConfigurationPlatforms) = preSolution
		Debug|Any CPU = Debug|Any CPU
		Release|Any CPU = Release|Any CPU
	EndGlobalSection
	GlobalSection(ProjectConfigurationPlatforms) = postSolution
		{9337B47B-7FFD-498E-8876-ED48ADDC8387}.Debug|Any CPU.ActiveCfg = Debug|Any CPU
		{9337B47B-7FFD-498E-8876-ED48ADDC8387}.Debug|Any CPU.Build.0 = Debug|Any CPU
		{9337B47B-7FFD-498E-8876-ED48ADDC8387}.Release|Any CPU.ActiveCfg = Release|Any CPU
		{9337B47B-7FFD-498E-8876-ED48ADDC8387}.Release|Any CPU.Build.0 = Release|Any CPU
	EndGlobalSection
	GlobalSection(SolutionProperties) = preSolution
		HideSolutionNode = FALSE
	EndGlobalSection
	GlobalSection(ExtensibilityGlobals) = postSolution
		SolutionGuid = {18AE19D3-25A5-4C14-A856-0B6106D187A0}
	EndGlobalSection
EndGlobal
